
Microsoft Visual Studio Solution File, Format Version 12.00
# Visual Studio Version 17
VisualStudioVersion = 17.4.33213.308
MinimumVisualStudioVersion = 10.0.40219.1
Project("{8BC9CEB8-8B4A-11D0-8D11-00A0C91BC942}") = "Assignment4", "Assignment4.vcxproj", "{04943CEF-7C9C-43C9-93C9-EFFDB4501487}"
EndProject
Global
	GlobalSection(SolutionConfigurationPlatforms) = preSolution
		Debug|arm64 = Debug|arm64
		Debug|x64 = Debug|x64
		Debug|x86 = Debug|x86
		Release|arm64 = Release|arm64
		Release|x64 = Release|x64
		Release|x86 = Release|x86
	EndGlobalSection
	GlobalSection(ProjectConfigurationPlatforms) = postSolution
		{04943CEF-7C9C-43C9-93C9-EFFDB4501487}.Debug|arm64.ActiveCfg = Debug|arm64
		{04943CEF-7C9C-43C9-93C9-EFFDB4501487}.Debug|arm64.Build.0 = Debug|arm64
		{04943CEF-7C9C-43C9-93C9-EFFDB4501487}.Debug|x64.ActiveCfg = Debug|x64
		{04943CEF-7C9C-43C9-93C9-EFFDB4501487}.Debug|x64.Build.0 = Debug|x64
		{04943CEF-7C9C-43C9-93C9-EFFDB4501487}.Debug|x86.ActiveCfg = Debug|Win32
		{04943CEF-7C9C-43C9-93C9-EFFDB4501487}.Debug|x86.Build.0 = Debug|Win32
		{04943CEF-7C9C-43C9-93C9-EFFDB4501487}.Release|arm64.ActiveCfg = Release|arm64
		{04943CEF-7C9C-43C9-93C9-EFFDB4501487}.Release|arm64.Build.0 = Release|arm64
		{04943CEF-7C9C-43C9-93C9-EFFDB4501487}.Release|x64.ActiveCfg = Release|x64
		{04943CEF-7C9C-43C9-93C9-EFFDB4501487}.Release|x64.Build.0 = Release|x64
		{04943CEF-7C9C-43C9-93C9-EFFDB4501487}.Release|x86.ActiveCfg = Release|Win32
		{04943CEF-7C9C-43C9-93C9-EFFDB4501487}.Release|x86.Build.0 = Release|Win32
	EndGlobalSection
	GlobalSection(SolutionProperties) = preSolution
		HideSolutionNode = FALSE
	EndGlobalSection
	GlobalSection(ExtensibilityGlobals) = postSolution
		SolutionGuid = {48E2366E-B44B-4A7E-B834-B3B81311A91F}
	EndGlobalSection
EndGlobal
